// !$*UTF8*$!
{
	archiveVersion = 1;
	classes = {
	};
	objectVersion = 46;
	objects = {

/* Begin PBXBuildFile section */
		4A5D3BAD199F95C3006D6924 /* main.swift in Sources */ = {isa = PBXBuildFile; fileRef = 4A5D3BAC199F95C3006D6924 /* main.swift */; };
		4A5D3BAF199F95C3006D6924 /* Document.swift in Sources */ = {isa = PBXBuildFile; fileRef = 4A5D3BAE199F95C3006D6924 /* Document.swift */; };
		4A5D3BB2199F95C3006D6924 /* Document.xib in Resources */ = {isa = PBXBuildFile; fileRef = 4A5D3BB0199F95C3006D6924 /* Document.xib */; };
		4A5D3BB5199F95C3006D6924 /* Document.xcdatamodeld in Sources */ = {isa = PBXBuildFile; fileRef = 4A5D3BB3199F95C3006D6924 /* Document.xcdatamodeld */; };
		4A5D3BB7199F95C3006D6924 /* Images.xcassets in Resources */ = {isa = PBXBuildFile; fileRef = 4A5D3BB6199F95C3006D6924 /* Images.xcassets */; };
		4A5D3BBA199F95C3006D6924 /* MainMenu.xib in Resources */ = {isa = PBXBuildFile; fileRef = 4A5D3BB8199F95C3006D6924 /* MainMenu.xib */; };
		4A5D3BC6199F95C3006D6924 /* kenken_playerTests.swift in Sources */ = {isa = PBXBuildFile; fileRef = 4A5D3BC5199F95C3006D6924 /* kenken_playerTests.swift */; };
/* End PBXBuildFile section */

/* Begin PBXContainerItemProxy section */
		4A5D3BC0199F95C3006D6924 /* PBXContainerItemProxy */ = {
			isa = PBXContainerItemProxy;
			containerPortal = 4A5D3B9F199F95C3006D6924 /* Project object */;
			proxyType = 1;
			remoteGlobalIDString = 4A5D3BA6199F95C3006D6924;
			remoteInfo = "kenken player";
		};
/* End PBXContainerItemProxy section */

/* Begin PBXFileReference section */
		4A5D3BA7199F95C3006D6924 /* kenken player.app */ = {isa = PBXFileReference; explicitFileType = wrapper.application; includeInIndex = 0; path = "kenken player.app"; sourceTree = BUILT_PRODUCTS_DIR; };
		4A5D3BAB199F95C3006D6924 /* Info.plist */ = {isa = PBXFileReference; lastKnownFileType = text.plist.xml; path = Info.plist; sourceTree = "<group>"; };
		4A5D3BAC199F95C3006D6924 /* main.swift */ = {isa = PBXFileReference; lastKnownFileType = sourcecode.swift; path = main.swift; sourceTree = "<group>"; };
		4A5D3BAE199F95C3006D6924 /* Document.swift */ = {isa = PBXFileReference; lastKnownFileType = sourcecode.swift; path = Document.swift; sourceTree = "<group>"; };
		4A5D3BB1199F95C3006D6924 /* Base */ = {isa = PBXFileReference; lastKnownFileType = file.xib; name = Base; path = Base.lproj/Document.xib; sourceTree = "<group>"; };
		4A5D3BB4199F95C3006D6924 /* Document.xcdatamodel */ = {isa = PBXFileReference; lastKnownFileType = wrapper.xcdatamodel; path = Document.xcdatamodel; sourceTree = "<group>"; };
		4A5D3BB6199F95C3006D6924 /* Images.xcassets */ = {isa = PBXFileReference; lastKnownFileType = folder.assetcatalog; path = Images.xcassets; sourceTree = "<group>"; };
		4A5D3BB9199F95C3006D6924 /* Base */ = {isa = PBXFileReference; lastKnownFileType = file.xib; name = Base; path = Base.lproj/MainMenu.xib; sourceTree = "<group>"; };
		4A5D3BBF199F95C3006D6924 /* kenken playerTests.xctest */ = {isa = PBXFileReference; explicitFileType = wrapper.cfbundle; includeInIndex = 0; path = "kenken playerTests.xctest"; sourceTree = BUILT_PRODUCTS_DIR; };
		4A5D3BC4199F95C3006D6924 /* Info.plist */ = {isa = PBXFileReference; lastKnownFileType = text.plist.xml; path = Info.plist; sourceTree = "<group>"; };
		4A5D3BC5199F95C3006D6924 /* kenken_playerTests.swift */ = {isa = PBXFileReference; lastKnownFileType = sourcecode.swift; path = kenken_playerTests.swift; sourceTree = "<group>"; };
/* End PBXFileReference section */

/* Begin PBXFrameworksBuildPhase section */
		4A5D3BA4199F95C3006D6924 /* Frameworks */ = {
			isa = PBXFrameworksBuildPhase;
			buildActionMask = 2147483647;
			files = (
			);
			runOnlyForDeploymentPostprocessing = 0;
		};
		4A5D3BBC199F95C3006D6924 /* Frameworks */ = {
			isa = PBXFrameworksBuildPhase;
			buildActionMask = 2147483647;
			files = (
			);
			runOnlyForDeploymentPostprocessing = 0;
		};
/* End PBXFrameworksBuildPhase section */

/* Begin PBXGroup section */
		4A5D3B9E199F95C3006D6924 = {
			isa = PBXGroup;
			children = (
				4A5D3BA9199F95C3006D6924 /* kenken player */,
				4A5D3BC2199F95C3006D6924 /* kenken playerTests */,
				4A5D3BA8199F95C3006D6924 /* Products */,
			);
			sourceTree = "<group>";
		};
		4A5D3BA8199F95C3006D6924 /* Products */ = {
			isa = PBXGroup;
			children = (
				4A5D3BA7199F95C3006D6924 /* kenken player.app */,
				4A5D3BBF199F95C3006D6924 /* kenken playerTests.xctest */,
			);
			name = Products;
			sourceTree = "<group>";
		};
		4A5D3BA9199F95C3006D6924 /* kenken player */ = {
			isa = PBXGroup;
			children = (
				4A5D3BAE199F95C3006D6924 /* Document.swift */,
				4A5D3BB0199F95C3006D6924 /* Document.xib */,
				4A5D3BB6199F95C3006D6924 /* Images.xcassets */,
				4A5D3BB8199F95C3006D6924 /* MainMenu.xib */,
				4A5D3BB3199F95C3006D6924 /* Document.xcdatamodeld */,
				4A5D3BAA199F95C3006D6924 /* Supporting Files */,
			);
			path = "kenken player";
			sourceTree = "<group>";
		};
		4A5D3BAA199F95C3006D6924 /* Supporting Files */ = {
			isa = PBXGroup;
			children = (
				4A5D3BAB199F95C3006D6924 /* Info.plist */,
				4A5D3BAC199F95C3006D6924 /* main.swift */,
			);
			name = "Supporting Files";
			sourceTree = "<group>";
		};
		4A5D3BC2199F95C3006D6924 /* kenken playerTests */ = {
			isa = PBXGroup;
			children = (
				4A5D3BC5199F95C3006D6924 /* kenken_playerTests.swift */,
				4A5D3BC3199F95C3006D6924 /* Supporting Files */,
			);
			path = "kenken playerTests";
			sourceTree = "<group>";
		};
		4A5D3BC3199F95C3006D6924 /* Supporting Files */ = {
			isa = PBXGroup;
			children = (
				4A5D3BC4199F95C3006D6924 /* Info.plist */,
			);
			name = "Supporting Files";
			sourceTree = "<group>";
		};
/* End PBXGroup section */

/* Begin PBXNativeTarget section */
		4A5D3BA6199F95C3006D6924 /* kenken player */ = {
			isa = PBXNativeTarget;
			buildConfigurationList = 4A5D3BC9199F95C3006D6924 /* Build configuration list for PBXNativeTarget "kenken player" */;
			buildPhases = (
				4A5D3BA3199F95C3006D6924 /* Sources */,
				4A5D3BA4199F95C3006D6924 /* Frameworks */,
				4A5D3BA5199F95C3006D6924 /* Resources */,
			);
			buildRules = (
			);
			dependencies = (
			);
			name = "kenken player";
			productName = "kenken player";
			productReference = 4A5D3BA7199F95C3006D6924 /* kenken player.app */;
			productType = "com.apple.product-type.application";
		};
		4A5D3BBE199F95C3006D6924 /* kenken playerTests */ = {
			isa = PBXNativeTarget;
			buildConfigurationList = 4A5D3BCC199F95C3006D6924 /* Build configuration list for PBXNativeTarget "kenken playerTests" */;
			buildPhases = (
				4A5D3BBB199F95C3006D6924 /* Sources */,
				4A5D3BBC199F95C3006D6924 /* Frameworks */,
				4A5D3BBD199F95C3006D6924 /* Resources */,
			);
			buildRules = (
			);
			dependencies = (
				4A5D3BC1199F95C3006D6924 /* PBXTargetDependency */,
			);
			name = "kenken playerTests";
			productName = "kenken playerTests";
			productReference = 4A5D3BBF199F95C3006D6924 /* kenken playerTests.xctest */;
			productType = "com.apple.product-type.bundle.unit-test";
		};
/* End PBXNativeTarget section */

/* Begin PBXProject section */
		4A5D3B9F199F95C3006D6924 /* Project object */ = {
			isa = PBXProject;
			attributes = {
				LastUpgradeCheck = 0600;
				ORGANIZATIONNAME = "Phil Shapiro";
				TargetAttributes = {
					4A5D3BA6199F95C3006D6924 = {
						CreatedOnToolsVersion = 6.0;
					};
					4A5D3BBE199F95C3006D6924 = {
						CreatedOnToolsVersion = 6.0;
						TestTargetID = 4A5D3BA6199F95C3006D6924;
					};
				};
			};
			buildConfigurationList = 4A5D3BA2199F95C3006D6924 /* Build configuration list for PBXProject "kenken player" */;
			compatibilityVersion = "Xcode 3.2";
			developmentRegion = English;
			hasScannedForEncodings = 0;
			knownRegions = (
				en,
				Base,
			);
			mainGroup = 4A5D3B9E199F95C3006D6924;
			productRefGroup = 4A5D3BA8199F95C3006D6924 /* Products */;
			projectDirPath = "";
			projectRoot = "";
			targets = (
				4A5D3BA6199F95C3006D6924 /* kenken player */,
				4A5D3BBE199F95C3006D6924 /* kenken playerTests */,
			);
		};
/* End PBXProject section */

/* Begin PBXResourcesBuildPhase section */
		4A5D3BA5199F95C3006D6924 /* Resources */ = {
			isa = PBXResourcesBuildPhase;
			buildActionMask = 2147483647;
			files = (
				4A5D3BB2199F95C3006D6924 /* Document.xib in Resources */,
				4A5D3BB7199F95C3006D6924 /* Images.xcassets in Resources */,
				4A5D3BBA199F95C3006D6924 /* MainMenu.xib in Resources */,
			);
			runOnlyForDeploymentPostprocessing = 0;
		};
		4A5D3BBD199F95C3006D6924 /* Resources */ = {
			isa = PBXResourcesBuildPhase;
			buildActionMask = 2147483647;
			files = (
			);
			runOnlyForDeploymentPostprocessing = 0;
		};
/* End PBXResourcesBuildPhase section */

/* Begin PBXSourcesBuildPhase section */
		4A5D3BA3199F95C3006D6924 /* Sources */ = {
			isa = PBXSourcesBuildPhase;
			buildActionMask = 2147483647;
			files = (
				4A5D3BB5199F95C3006D6924 /* Document.xcdatamodeld in Sources */,
				4A5D3BAF199F95C3006D6924 /* Document.swift in Sources */,
				4A5D3BAD199F95C3006D6924 /* main.swift in Sources */,
			);
			runOnlyForDeploymentPostprocessing = 0;
		};
		4A5D3BBB199F95C3006D6924 /* Sources */ = {
			isa = PBXSourcesBuildPhase;
			buildActionMask = 2147483647;
			files = (
				4A5D3BC6199F95C3006D6924 /* kenken_playerTests.swift in Sources */,
			);
			runOnlyForDeploymentPostprocessing = 0;
		};
/* End PBXSourcesBuildPhase section */

/* Begin PBXTargetDependency section */
		4A5D3BC1199F95C3006D6924 /* PBXTargetDependency */ = {
			isa = PBXTargetDependency;
			target = 4A5D3BA6199F95C3006D6924 /* kenken player */;
			targetProxy = 4A5D3BC0199F95C3006D6924 /* PBXContainerItemProxy */;
		};
/* End PBXTargetDependency section */

/* Begin PBXVariantGroup section */
		4A5D3BB0199F95C3006D6924 /* Document.xib */ = {
			isa = PBXVariantGroup;
			children = (
				4A5D3BB1199F95C3006D6924 /* Base */,
			);
			name = Document.xib;
			sourceTree = "<group>";
		};
		4A5D3BB8199F95C3006D6924 /* MainMenu.xib */ = {
			isa = PBXVariantGroup;
			children = (
				4A5D3BB9199F95C3006D6924 /* Base */,
			);
			name = MainMenu.xib;
			sourceTree = "<group>";
		};
/* End PBXVariantGroup section */

/* Begin XCBuildConfiguration section */
		4A5D3BC7199F95C3006D6924 /* Debug */ = {
			isa = XCBuildConfiguration;
			buildSettings = {
				ALWAYS_SEARCH_USER_PATHS = NO;
				CLANG_CXX_LANGUAGE_STANDARD = "gnu++0x";
				CLANG_CXX_LIBRARY = "libc++";
				CLANG_ENABLE_MODULES = YES;
				CLANG_ENABLE_OBJC_ARC = YES;
				CLANG_WARN_BOOL_CONVERSION = YES;
				CLANG_WARN_CONSTANT_CONVERSION = YES;
				CLANG_WARN_DIRECT_OBJC_ISA_USAGE = YES_ERROR;
				CLANG_WARN_EMPTY_BODY = YES;
				CLANG_WARN_ENUM_CONVERSION = YES;
				CLANG_WARN_INT_CONVERSION = YES;
				CLANG_WARN_OBJC_ROOT_CLASS = YES_ERROR;
				CLANG_WARN_UNREACHABLE_CODE = YES;
				CLANG_WARN__DUPLICATE_METHOD_MATCH = YES;
				CODE_SIGN_IDENTITY = "-";
				COPY_PHASE_STRIP = NO;
				ENABLE_STRICT_OBJC_MSGSEND = YES;
				GCC_C_LANGUAGE_STANDARD = gnu99;
				GCC_DYNAMIC_NO_PIC = NO;
				GCC_OPTIMIZATION_LEVEL = 0;
				GCC_PREPROCESSOR_DEFINITIONS = (
					"DEBUG=1",
					"$(inherited)",
				);
				GCC_SYMBOLS_PRIVATE_EXTERN = NO;
				GCC_WARN_64_TO_32_BIT_CONVERSION = YES;
				GCC_WARN_ABOUT_RETURN_TYPE = YES_ERROR;
				GCC_WARN_UNDECLARED_SELECTOR = YES;
				GCC_WARN_UNINITIALIZED_AUTOS = YES_AGGRESSIVE;
				GCC_WARN_UNUSED_FUNCTION = YES;
				GCC_WARN_UNUSED_VARIABLE = YES;
				MACOSX_DEPLOYMENT_TARGET = 10.9;
				MTL_ENABLE_DEBUG_INFO = YES;
				ONLY_ACTIVE_ARCH = YES;
				SDKROOT = macosx;
				SWIFT_OPTIMIZATION_LEVEL = "-Onone";
			};
			name = Debug;
		};
		4A5D3BC8199F95C3006D6924 /* Release */ = {
			isa = XCBuildConfiguration;
			buildSettings = {
				ALWAYS_SEARCH_USER_PATHS = NO;
				CLANG_CXX_LANGUAGE_STANDARD = "gnu++0x";
				CLANG_CXX_LIBRARY = "libc++";
				CLANG_ENABLE_MODULES = YES;
				CLANG_ENABLE_OBJC_ARC = YES;
				CLANG_WARN_BOOL_CONVERSION = YES;
				CLANG_WARN_CONSTANT_CONVERSION = YES;
				CLANG_WARN_DIRECT_OBJC_ISA_USAGE = YES_ERROR;
				CLANG_WARN_EMPTY_BODY = YES;
				CLANG_WARN_ENUM_CONVERSION = YES;
				CLANG_WARN_INT_CONVERSION = YES;
				CLANG_WARN_OBJC_ROOT_CLASS = YES_ERROR;
				CLANG_WARN_UNREACHABLE_CODE = YES;
				CLANG_WARN__DUPLICATE_METHOD_MATCH = YES;
				CODE_SIGN_IDENTITY = "-";
				COPY_PHASE_STRIP = YES;
				DEBUG_INFORMATION_FORMAT = "dwarf-with-dsym";
				ENABLE_NS_ASSERTIONS = NO;
				ENABLE_STRICT_OBJC_MSGSEND = YES;
				GCC_C_LANGUAGE_STANDARD = gnu99;
				GCC_WARN_64_TO_32_BIT_CONVERSION = YES;
				GCC_WARN_ABOUT_RETURN_TYPE = YES_ERROR;
				GCC_WARN_UNDECLARED_SELECTOR = YES;
				GCC_WARN_UNINITIALIZED_AUTOS = YES_AGGRESSIVE;
				GCC_WARN_UNUSED_FUNCTION = YES;
				GCC_WARN_UNUSED_VARIABLE = YES;
				MACOSX_DEPLOYMENT_TARGET = 10.9;
				MTL_ENABLE_DEBUG_INFO = NO;
				SDKROOT = macosx;
			};
			name = Release;
		};
		4A5D3BCA199F95C3006D6924 /* Debug */ = {
			isa = XCBuildConfiguration;
			buildSettings = {
				ASSETCATALOG_COMPILER_APPICON_NAME = AppIcon;
				COMBINE_HIDPI_IMAGES = YES;
				INFOPLIST_FILE = "kenken player/Info.plist";
				LD_RUNPATH_SEARCH_PATHS = "$(inherited) @executable_path/../Frameworks";
				PRODUCT_NAME = "$(TARGET_NAME)";
			};
			name = Debug;
		};
		4A5D3BCB199F95C3006D6924 /* Release */ = {
			isa = XCBuildConfiguration;
			buildSettings = {
				ASSETCATALOG_COMPILER_APPICON_NAME = AppIcon;
				COMBINE_HIDPI_IMAGES = YES;
				INFOPLIST_FILE = "kenken player/Info.plist";
				LD_RUNPATH_SEARCH_PATHS = "$(inherited) @executable_path/../Frameworks";
				PRODUCT_NAME = "$(TARGET_NAME)";
			};
			name = Release;
		};
		4A5D3BCD199F95C3006D6924 /* Debug */ = {
			isa = XCBuildConfiguration;
			buildSettings = {
				BUNDLE_LOADER = "$(BUILT_PRODUCTS_DIR)/kenken player.app/Contents/MacOS/kenken player";
				COMBINE_HIDPI_IMAGES = YES;
				FRAMEWORK_SEARCH_PATHS = (
					"$(DEVELOPER_FRAMEWORKS_DIR)",
					"$(inherited)",
				);
				GCC_PREPROCESSOR_DEFINITIONS = (
					"DEBUG=1",
					"$(inherited)",
				);
				INFOPLIST_FILE = "kenken playerTests/Info.plist";
				LD_RUNPATH_SEARCH_PATHS = "$(inherited) @executable_path/../Frameworks @loader_path/../Frameworks";
				PRODUCT_NAME = "$(TARGET_NAME)";
				TEST_HOST = "$(BUNDLE_LOADER)";
			};
			name = Debug;
		};
		4A5D3BCE199F95C3006D6924 /* Release */ = {
			isa = XCBuildConfiguration;
			buildSettings = {
				BUNDLE_LOADER = "$(BUILT_PRODUCTS_DIR)/kenken player.app/Contents/MacOS/kenken player";
				COMBINE_HIDPI_IMAGES = YES;
				FRAMEWORK_SEARCH_PATHS = (
					"$(DEVELOPER_FRAMEWORKS_DIR)",
					"$(inherited)",
				);
				INFOPLIST_FILE = "kenken playerTests/Info.plist";
				LD_RUNPATH_SEARCH_PATHS = "$(inherited) @executable_path/../Frameworks @loader_path/../Frameworks";
				PRODUCT_NAME = "$(TARGET_NAME)";
				TEST_HOST = "$(BUNDLE_LOADER)";
			};
			name = Release;
		};
/* End XCBuildConfiguration section */

/* Begin XCConfigurationList section */
		4A5D3BA2199F95C3006D6924 /* Build configuration list for PBXProject "kenken player" */ = {
			isa = XCConfigurationList;
			buildConfigurations = (
				4A5D3BC7199F95C3006D6924 /* Debug */,
				4A5D3BC8199F95C3006D6924 /* Release */,
			);
			defaultConfigurationIsVisible = 0;
			defaultConfigurationName = Release;
		};
		4A5D3BC9199F95C3006D6924 /* Build configuration list for PBXNativeTarget "kenken player" */ = {
			isa = XCConfigurationList;
			buildConfigurations = (
				4A5D3BCA199F95C3006D6924 /* Debug */,
				4A5D3BCB199F95C3006D6924 /* Release */,
			);
			defaultConfigurationIsVisible = 0;
		};
		4A5D3BCC199F95C3006D6924 /* Build configuration list for PBXNativeTarget "kenken playerTests" */ = {
			isa = XCConfigurationList;
			buildConfigurations = (
				4A5D3BCD199F95C3006D6924 /* Debug */,
				4A5D3BCE199F95C3006D6924 /* Release */,
			);
			defaultConfigurationIsVisible = 0;
		};
/* End XCConfigurationList section */

/* Begin XCVersionGroup section */
		4A5D3BB3199F95C3006D6924 /* Document.xcdatamodeld */ = {
			isa = XCVersionGroup;
			children = (
				4A5D3BB4199F95C3006D6924 /* Document.xcdatamodel */,
			);
			currentVersion = 4A5D3BB4199F95C3006D6924 /* Document.xcdatamodel */;
			path = Document.xcdatamodeld;
			sourceTree = "<group>";
			versionGroupType = wrapper.xcdatamodel;
		};
/* End XCVersionGroup section */
	};
	rootObject = 4A5D3B9F199F95C3006D6924 /* Project object */;
}
